<?xml version="1.0" encoding="utf-8"?>
<Project ToolsVersion="4.0" xmlns="http://schemas.microsoft.com/developer/msbuild/2003">
  <ItemGroup>
    <Filter Include="Source Files">
      <UniqueIdentifier>{E9C7FDCE-D52A-8D73-7EB0-C5296AF258F6}</UniqueIdentifier>
    </Filter>
    <Filter Include="Header Files">
      <UniqueIdentifier>{21EB8090-0D4E-1035-B6D3-48EBA215DCB7}</UniqueIdentifier>
    </Filter>
  </ItemGroup>
  <ItemGroup>
    <ClInclude Include="..\include\audio.h">
      <Filter>Header Files</Filter>
    </ClInclude>
    <ClInclude Include="..\include\copyright.h">
      <Filter>Header Files</Filter>
    </ClInclude>
    <ClInclude Include="..\include\demo_ball.h">
      <Filter>Header Files</Filter>
    </ClInclude>
    <ClInclude Include="..\include\demo_blockloader.h">
      <Filter>Header Files</Filter>
    </ClInclude>
    <ClInclude Include="..\include\demo_controls.h">
      <Filter>Header Files</Filter>
    </ClInclude>
    <ClInclude Include="..\include\demo_gamemodes.h">
      <Filter>Header Files</Filter>
    </ClInclude>
    <ClInclude Include="..\include\faketypes.h">
      <Filter>Header Files</Filter>
    </ClInclude>
    <ClInclude Include="..\include\intro.h">
      <Filter>Header Files</Filter>
    </ClInclude>
    <ClInclude Include="..\include\paddle.h">
      <Filter>Header Files</Filter>
    </ClInclude>
  </ItemGroup>
  <ItemGroup>
    <ClCompile Include="..\src\audio.c">
      <Filter>Source Files</Filter>
    </ClCompile>
    <ClCompile Include="..\src\demo_ball.c">
      <Filter>Source Files</Filter>
    </ClCompile>
    <ClCompile Include="..\src\demo_blockloader.c">
      <Filter>Source Files</Filter>
    </ClCompile>
    <ClCompile Include="..\src\demo_controls.c">
      <Filter>Source Files</Filter>
    </ClCompile>
    <ClCompile Include="..\src\demo_gamemodes.c">
      <Filter>Source Files</Filter>
    </ClCompile>
    <ClCompile Include="..\src\intro.c">
      <Filter>Source Files</Filter>
    </ClCompile>
    <ClCompile Include="..\src\paddle.c">
      <Filter>Source Files</Filter>
    </ClCompile>
    <ClCompile Include="..\src\rayboing_demo.c">
      <Filter>Source Files</Filter>
    </ClCompile>
  </ItemGroup>
</Project>