<?xml version="1.0" encoding="utf-8"?>
<Project ToolsVersion="4.0" xmlns="http://schemas.microsoft.com/developer/msbuild/2003">
  <ItemGroup>
    <Filter Include="Source Files">
      <UniqueIdentifier>{E9C7FDCE-D52A-8D73-7EB0-C5296AF258F6}</UniqueIdentifier>
    </Filter>
    <Filter Include="Source Files\rayboing">
      <UniqueIdentifier>{538F72C4-BFFB-2DBF-88EF-C51CF41A5027}</UniqueIdentifier>
    </Filter>
    <Filter Include="Header Files">
      <UniqueIdentifier>{21EB8090-0D4E-1035-B6D3-48EBA215DCB7}</UniqueIdentifier>
    </Filter>
  </ItemGroup>
  <ItemGroup>
    <ClInclude Include="..\include\audio.h">
      <Filter>Header Files</Filter>
    </ClInclude>
    <ClInclude Include="..\include\ball.h">
      <Filter>Header Files</Filter>
    </ClInclude>
    <ClInclude Include="..\include\blocks.h">
      <Filter>Header Files</Filter>
    </ClInclude>
    <ClInclude Include="..\include\bonus.h">
      <Filter>Header Files</Filter>
    </ClInclude>
    <ClInclude Include="..\include\copyright.h">
      <Filter>Header Files</Filter>
    </ClInclude>
    <ClInclude Include="..\include\demo.h">
      <Filter>Header Files</Filter>
    </ClInclude>
    <ClInclude Include="..\include\demo_ball.h">
      <Filter>Header Files</Filter>
    </ClInclude>
    <ClInclude Include="..\include\demo_blockloader.h">
      <Filter>Header Files</Filter>
    </ClInclude>
    <ClInclude Include="..\include\demo_controls.h">
      <Filter>Header Files</Filter>
    </ClInclude>
    <ClInclude Include="..\include\demo_gamemodes.h">
      <Filter>Header Files</Filter>
    </ClInclude>
    <ClInclude Include="..\include\dialogue.h">
      <Filter>Header Files</Filter>
    </ClInclude>
    <ClInclude Include="..\include\editor.h">
      <Filter>Header Files</Filter>
    </ClInclude>
    <ClInclude Include="..\include\error.h">
      <Filter>Header Files</Filter>
    </ClInclude>
    <ClInclude Include="..\include\eyedude.h">
      <Filter>Header Files</Filter>
    </ClInclude>
    <ClInclude Include="..\include\faketypes.h">
      <Filter>Header Files</Filter>
    </ClInclude>
    <ClInclude Include="..\include\file.h">
      <Filter>Header Files</Filter>
    </ClInclude>
    <ClInclude Include="..\include\gun.h">
      <Filter>Header Files</Filter>
    </ClInclude>
    <ClInclude Include="..\include\highscore.h">
      <Filter>Header Files</Filter>
    </ClInclude>
    <ClInclude Include="..\include\init.h">
      <Filter>Header Files</Filter>
    </ClInclude>
    <ClInclude Include="..\include\inst.h">
      <Filter>Header Files</Filter>
    </ClInclude>
    <ClInclude Include="..\include\intro.h">
      <Filter>Header Files</Filter>
    </ClInclude>
    <ClInclude Include="..\include\keys.h">
      <Filter>Header Files</Filter>
    </ClInclude>
    <ClInclude Include="..\include\keysedit.h">
      <Filter>Header Files</Filter>
    </ClInclude>
    <ClInclude Include="..\include\level.h">
      <Filter>Header Files</Filter>
    </ClInclude>
    <ClInclude Include="..\include\main.h">
      <Filter>Header Files</Filter>
    </ClInclude>
    <ClInclude Include="..\include\mess.h">
      <Filter>Header Files</Filter>
    </ClInclude>
    <ClInclude Include="..\include\misc.h">
      <Filter>Header Files</Filter>
    </ClInclude>
    <ClInclude Include="..\include\paddle.h">
      <Filter>Header Files</Filter>
    </ClInclude>
    <ClInclude Include="..\include\presents.h">
      <Filter>Header Files</Filter>
    </ClInclude>
    <ClInclude Include="..\include\preview.h">
      <Filter>Header Files</Filter>
    </ClInclude>
    <ClInclude Include="..\include\score.h">
      <Filter>Header Files</Filter>
    </ClInclude>
    <ClInclude Include="..\include\sfx.h">
      <Filter>Header Files</Filter>
    </ClInclude>
    <ClInclude Include="..\include\special.h">
      <Filter>Header Files</Filter>
    </ClInclude>
    <ClInclude Include="..\include\stage.h">
      <Filter>Header Files</Filter>
    </ClInclude>
    <ClInclude Include="..\include\ulaw.h">
      <Filter>Header Files</Filter>
    </ClInclude>
    <ClInclude Include="..\include\version.h">
      <Filter>Header Files</Filter>
    </ClInclude>
  </ItemGroup>
  <ItemGroup>
    <ClCompile Include="..\src\paddle.c">
      <Filter>Source Files</Filter>
    </ClCompile>
    <ClCompile Include="..\src\rayboing\demo_ball.c">
      <Filter>Source Files\rayboing</Filter>
    </ClCompile>
    <ClCompile Include="..\src\rayboing\demo_blockloader.c">
      <Filter>Source Files\rayboing</Filter>
    </ClCompile>
    <ClCompile Include="..\src\rayboing\demo_controls.c">
      <Filter>Source Files\rayboing</Filter>
    </ClCompile>
    <ClCompile Include="..\src\rayboing\demo_gamemodes.c">
      <Filter>Source Files\rayboing</Filter>
    </ClCompile>
    <ClCompile Include="..\src\rayboing\rayboing_demo.c">
      <Filter>Source Files\rayboing</Filter>
    </ClCompile>
  </ItemGroup>
</Project>